{
  "name": "Timesheet ESS",
  "lockfileVersion": 3,
  "requires": true,
  "packages": {
    "": {
      "dependencies": {
        "mixpanel-browser": "^2.77.0"
      }
    },
    "node_modules/@mixpanel/rrdom": {
      "version": "2.0.0-alpha.18.4",
      "resolved": "https://registry.npmjs.org/@mixpanel/rrdom/-/rrdom-2.0.0-alpha.18.4.tgz",
      "integrity": "sha512-58sWLQDPRU0VQn8VzB1tx4ujih9X327Vr6xAzbJ4zge9GENm2L696T4TbWvrRGWPW6w99tHIHbv6SvcLhjjmcQ==",
      "license": "MIT",
      "dependencies": {
        "@mixpanel/rrweb-snapshot": "^2.0.0-alpha.18"
      }
    },
    "node_modules/@mixpanel/rrweb": {
      "version": "2.0.0-alpha.18.4",
      "resolved": "https://registry.npmjs.org/@mixpanel/rrweb/-/rrweb-2.0.0-alpha.18.4.tgz",
      "integrity": "sha512-ICpEYDFEEiCoUuQg+de3VvQCsolF4lNHfEM9DBp5Pwuc7EgXqwWV4wUpiRF/NbhoKk+82X1Qe+oqqlKJb/CGFw==",
      "license": "MIT",
      "dependencies": {
        "@mixpanel/rrdom": "^2.0.0-alpha.18",
        "@mixpanel/rrweb-snapshot": "^2.0.0-alpha.18",
        "@mixpanel/rrweb-types": "^2.0.0-alpha.18",
        "@mixpanel/rrweb-utils": "^2.0.0-alpha.18",
        "@types/css-font-loading-module": "0.0.7",
        "@xstate/fsm": "^1.4.0",
        "base64-arraybuffer": "^1.0.1",
        "mitt": "^3.0.0"
      }
    },
    "node_modules/@mixpanel/rrweb-plugin-console-record": {
      "version": "2.0.0-alpha.18.4",
      "resolved": "https://registry.npmjs.org/@mixpanel/rrweb-plugin-console-record/-/rrweb-plugin-console-record-2.0.0-alpha.18.4.tgz",
      "integrity": "sha512-gGxEnNpfWurQht+fpSJbwPV60ug0LAENlk4Ux3XRmYooNJGPBO1TiQHcM7g0yhrKf4tfbTiKKZ4EXzFlOZs/pw==",
      "license": "MIT",
      "peerDependencies": {
        "@mixpanel/rrweb": "^2.0.0-alpha.18",
        "@mixpanel/rrweb-utils": "^2.0.0-alpha.18"
      }
    },
    "node_modules/@mixpanel/rrweb-snapshot": {
      "version": "2.0.0-alpha.18.4",
      "resolved": "https://registry.npmjs.org/@mixpanel/rrweb-snapshot/-/rrweb-snapshot-2.0.0-alpha.18.4.tgz",
      "integrity": "sha512-ubLGwgPiMMi0rl7zJRh1uMScQ480lT95tkHkIAHkiZOemMY4JSkYZh2v9fpMNwJhaGwB5n/76KI7Cwy8F5qixQ==",
      "license": "MIT",
      "dependencies": {
        "postcss": "^8.4.38"
      }
    },
    "node_modules/@mixpanel/rrweb-types": {
      "version": "2.0.0-alpha.18.4",
      "resolved": "https://registry.npmjs.org/@mixpanel/rrweb-types/-/rrweb-types-2.0.0-alpha.18.4.tgz",
      "integrity": "sha512-7kRuk7pK6Firrb26Mm235Po7s/z+9k0gUKZU/DZkzg5U1yQRcsu4byIrnWTiTQr+LFLUrIiyRKnpGK/QneAhTw==",
      "license": "MIT"
    },
    "node_modules/@mixpanel/rrweb-utils": {
      "version": "2.0.0-alpha.18.4",
      "resolved": "https://registry.npmjs.org/@mixpanel/rrweb-utils/-/rrweb-utils-2.0.0-alpha.18.4.tgz",
      "integrity": "sha512-c3nUbQl19kxHjf8nowFMeXlJw0ZqLesIVBb9t4g1nC4WtaNEPkFotWRdGt5V2cJNQ+aY38/v2uYb8Ren4IcdSQ==",
      "license": "MIT"
    },
    "node_modules/@types/css-font-loading-module": {
      "version": "0.0.7",
      "resolved": "https://registry.npmjs.org/@types/css-font-loading-module/-/css-font-loading-module-0.0.7.tgz",
      "integrity": "sha512-nl09VhutdjINdWyXxHWN/w9zlNCfr60JUqJbd24YXUuCwgeL0TpFSdElCwb6cxfB6ybE19Gjj4g0jsgkXxKv1Q==",
      "license": "MIT"
    },
    "node_modules/@types/json-logic-js": {
      "version": "2.0.5",
      "resolved": "https://registry.npmjs.org/@types/json-logic-js/-/json-logic-js-2.0.5.tgz",
      "integrity": "sha512-hu/FTi0zwCjQEFfbPur275cNoZj6NsuOBhhYNzqoSdfmMhuxFr58OZ957lyIOWc9+kO+2tFlBthRjcxuytD4HA==",
      "license": "MIT"
    },
    "node_modules/@xstate/fsm": {
      "version": "1.6.5",
      "resolved": "https://registry.npmjs.org/@xstate/fsm/-/fsm-1.6.5.tgz",
      "integrity": "sha512-b5o1I6aLNeYlU/3CPlj/Z91ybk1gUsKT+5NAJI+2W4UjvS5KLG28K9v5UvNoFVjHV8PajVZ00RH3vnjyQO7ZAw==",
      "license": "MIT"
    },
    "node_modules/base64-arraybuffer": {
      "version": "1.0.2",
      "resolved": "https://registry.npmjs.org/base64-arraybuffer/-/base64-arraybuffer-1.0.2.tgz",
      "integrity": "sha512-I3yl4r9QB5ZRY3XuJVEPfc2XhZO6YweFPI+UovAzn+8/hb3oJ6lnysaFcjVpkCPfVWFUDvoZ8kmVDP7WyRtYtQ==",
      "license": "MIT",
      "engines": {
        "node": ">= 0.6.0"
      }
    },
    "node_modules/json-logic-js": {
      "version": "2.0.5",
      "resolved": "https://registry.npmjs.org/json-logic-js/-/json-logic-js-2.0.5.tgz",
      "integrity": "sha512-rTT2+lqcuUmj4DgWfmzupZqQDA64AdmYqizzMPWj3DxGdfFNsxPpcNVSaTj4l8W2tG/+hg7/mQhxjU3aPacO6g==",
      "license": "MIT"
    },
    "node_modules/mitt": {
      "version": "3.0.1",
      "resolved": "https://registry.npmjs.org/mitt/-/mitt-3.0.1.tgz",
      "integrity": "sha512-vKivATfr97l2/QBCYAkXYDbrIWPM2IIKEl7YPhjCvKlG3kE2gm+uBo6nEXK3M5/Ffh/FLpKExzOQ3JJoJGFKBw==",
      "license": "MIT"
    },
    "node_modules/mixpanel-browser": {
      "version": "2.77.0",
      "resolved": "https://registry.npmjs.org/mixpanel-browser/-/mixpanel-browser-2.77.0.tgz",
      "integrity": "sha512-gU3J7osa+ZiX0gQ6UBjUw5YLfz4lb9B4X3yiXNxBQW+mVDkg9L+0VNWa+QnpWJi/ehAHuvl2nN1XTHp5NIL3HQ==",
      "license": "Apache-2.0",
      "dependencies": {
        "@mixpanel/rrweb": "2.0.0-alpha.18.4",
        "@mixpanel/rrweb-plugin-console-record": "2.0.0-alpha.18.4",
        "@mixpanel/rrweb-utils": "2.0.0-alpha.18.4",
        "@types/json-logic-js": "2.0.5",
        "json-logic-js": "2.0.5"
      },
      "engines": {
        "node": ">=20 <26"
      }
    },
    "node_modules/nanoid": {
      "version": "3.3.11",
      "resolved": "https://registry.npmjs.org/nanoid/-/nanoid-3.3.11.tgz",
      "integrity": "sha512-N8SpfPUnUp1bK+PMYW8qSWdl9U+wwNWI4QKxOYDy9JAro3WMX7p2OeVRF9v+347pnakNevPmiHhNmZ2HbFA76w==",
      "funding": [
        {
          "type": "github",
          "url": "https://github.com/sponsors/ai"
        }
      ],
      "license": "MIT",
      "bin": {
        "nanoid": "bin/nanoid.cjs"
      },
      "engines": {
        "node": "^10 || ^12 || ^13.7 || ^14 || >=15.0.1"
      }
    },
    "node_modules/picocolors": {
      "version": "1.1.1",
      "resolved": "https://registry.npmjs.org/picocolors/-/picocolors-1.1.1.tgz",
      "integrity": "sha512-xceH2snhtb5M9liqDsmEw56le376mTZkEX/jEb/RxNFyegNul7eNslCXP9FDj/Lcu0X8KEyMceP2ntpaHrDEVA==",
      "license": "ISC"
    },
    "node_modules/postcss": {
      "version": "8.5.8",
      "resolved": "https://registry.npmjs.org/postcss/-/postcss-8.5.8.tgz",
      "integrity": "sha512-OW/rX8O/jXnm82Ey1k44pObPtdblfiuWnrd8X7GJ7emImCOstunGbXUpp7HdBrFQX6rJzn3sPT397Wp5aCwCHg==",
      "funding": [
        {
          "type": "opencollective",
          "url": "https://opencollective.com/postcss/"
        },
        {
          "type": "tidelift",
          "url": "https://tidelift.com/funding/github/npm/postcss"
        },
        {
          "type": "github",
          "url": "https://github.com/sponsors/ai"
        }
      ],
      "license": "MIT",
      "dependencies": {
        "nanoid": "^3.3.11",
        "picocolors": "^1.1.1",
        "source-map-js": "^1.2.1"
      },
      "engines": {
        "node": "^10 || ^12 || >=14"
      }
    },
    "node_modules/source-map-js": {
      "version": "1.2.1",
      "resolved": "https://registry.npmjs.org/source-map-js/-/source-map-js-1.2.1.tgz",
      "integrity": "sha512-UXWMKhLOwVKb728IUtQPXxfYU+usdybtUrK/8uGE8CQMvrhOpwvzDBwj0QhSL7MQc7vIsISBG8VQ8+IDQxpfQA==",
      "license": "BSD-3-Clause",
      "engines": {
        "node": ">=0.10.0"
      }
    }
  }
}
